# This file was autogenerated by Stack.
# You should not edit this file by hand.
# For more information, please see the documentation at:
#   https://docs.haskellstack.org/en/stable/lock_files

packages:
- completed:
    hackage: polysemy-conc-0.8.0.1@sha256:58777e7209e7aae33eb840464234b569a7e11b8045c62699cf0fb0ad607fb754,6108
    pantry-tree:
      size: 3625
      sha256: 7c203e2e9f2031ccae3449bc324fde030a0edb905324fd2aad46d5c374dc3e12
  original:
    hackage: polysemy-conc-0.8.0.1@sha256:58777e7209e7aae33eb840464234b569a7e11b8045c62699cf0fb0ad607fb754,6108
- completed:
    hackage: incipit-core-0.2.0.0@sha256:a8677251690ea95be107d0d1998f5d09ec863d48f9d591454c96daefbfce7c49,3301
    pantry-tree:
      size: 366
      sha256: 362ed9e7b8fc61a065d4dc058c8c4c3b8db4f9f3c81fd9aea18635ed6ef1bf8a
  original:
    hackage: incipit-core-0.2.0.0@sha256:a8677251690ea95be107d0d1998f5d09ec863d48f9d591454c96daefbfce7c49,3301
- completed:
    hackage: polysemy-resume-0.4.0.0@sha256:d56529f434d5406482423ed8f3342f3eb075374f6428fffe23b4c1d8e29a19e4,4226
    pantry-tree:
      size: 891
      sha256: 32ce4cd39346a3526edbea564aca363688e706750c7b059864ed5bddb86681cf
  original:
    hackage: polysemy-resume-0.4.0.0@sha256:d56529f434d5406482423ed8f3342f3eb075374f6428fffe23b4c1d8e29a19e4,4226
- completed:
    hackage: polysemy-time-0.4.0.0@sha256:b11dcf5cd12a0a80404b4eb337604a77985aac72863ea897e00f1331b5176da4,4479
    pantry-tree:
      size: 1438
      sha256: 014bfd03ea57591fc7a2dbf6c5a6db17d78905c58c3c8bdffd242aff754b15f2
  original:
    hackage: polysemy-time-0.4.0.0@sha256:b11dcf5cd12a0a80404b4eb337604a77985aac72863ea897e00f1331b5176da4,4479
- completed:
    hackage: incipit-base-0.2.0.0@sha256:97964204df8f942a1903fb4ce3171c1121a7a3411a0bd2de7ec1eacbb127129e,3494
    pantry-tree:
      size: 1060
      sha256: accae3a5a6cec9d8a93f71892d84f1a1b140c1754778f4fa2f19283ea72e2c1d
  original:
    hackage: incipit-base-0.2.0.0@sha256:97964204df8f942a1903fb4ce3171c1121a7a3411a0bd2de7ec1eacbb127129e,3494
snapshots:
- completed:
    size: 618509
    url: https://raw.githubusercontent.com/commercialhaskell/stackage-snapshots/master/lts/19/10.yaml
    sha256: 005f204647467d65c4ab549a5ca35d54b3d90a84a99a4ffc5d421a4018854fe2
  original:
    url: https://raw.githubusercontent.com/commercialhaskell/stackage-snapshots/master/lts/19/10.yaml
